
Microsoft Visual Studio Solution File, Format Version 11.00
# Visual Studio 2010
Project("{8BC9CEB8-8B4A-11D0-8D11-00A0C91BC942}") = "rdbext", "rdbext\rdbext.vcxproj", "{AF7D8008-7982-448C-978E-F8E94D374724}"
EndProject
Global
	GlobalSection(SolutionConfigurationPlatforms) = preSolution
		Debug|Win32 = Debug|Win32
		Release|Win32 = Release|Win32
	EndGlobalSection
	GlobalSection(ProjectConfigurationPlatforms) = postSolution
		{AF7D8008-7982-448C-978E-F8E94D374724}.Debug|Win32.ActiveCfg = Debug|Win32
		{AF7D8008-7982-448C-978E-F8E94D374724}.Debug|Win32.Build.0 = Debug|Win32
		{AF7D8008-7982-448C-978E-F8E94D374724}.Release|Win32.ActiveCfg = Release|Win32
		{AF7D8008-7982-448C-978E-F8E94D374724}.Release|Win32.Build.0 = Release|Win32
	EndGlobalSection
	GlobalSection(SolutionProperties) = preSolution
		HideSolutionNode = FALSE
	EndGlobalSection
EndGlobal
